// !$*UTF8*$!
{
	archiveVersion = 1;
	classes = {
	};
	objectVersion = 55;
	objects = {

/* Begin PBXBuildFile section */
		CE338AAC27B7A4E6005289D1 /* CobaltAppApp.swift in Sources */ = {isa = PBXBuildFile; fileRef = CE338A9C27B7A4E5005289D1 /* CobaltAppApp.swift */; };
		CE338AAD27B7A4E6005289D1 /* CobaltAppApp.swift in Sources */ = {isa = PBXBuildFile; fileRef = CE338A9C27B7A4E5005289D1 /* CobaltAppApp.swift */; };
		CE338AAE27B7A4E6005289D1 /* ContentView.swift in Sources */ = {isa = PBXBuildFile; fileRef = CE338A9D27B7A4E5005289D1 /* ContentView.swift */; };
		CE338AAF27B7A4E6005289D1 /* ContentView.swift in Sources */ = {isa = PBXBuildFile; fileRef = CE338A9D27B7A4E5005289D1 /* ContentView.swift */; };
		CE338AB027B7A4E6005289D1 /* Assets.xcassets in Resources */ = {isa = PBXBuildFile; fileRef = CE338A9E27B7A4E6005289D1 /* Assets.xcassets */; };
		CE338AB127B7A4E6005289D1 /* Assets.xcassets in Resources */ = {isa = PBXBuildFile; fileRef = CE338A9E27B7A4E6005289D1 /* Assets.xcassets */; };
		CE338ABB27B7A5A7005289D1 /* Router.swift in Sources */ = {isa = PBXBuildFile; fileRef = CE338ABA27B7A5A7005289D1 /* Router.swift */; };
		CE338ABC27B7A5A7005289D1 /* Router.swift in Sources */ = {isa = PBXBuildFile; fileRef = CE338ABA27B7A5A7005289D1 /* Router.swift */; };
		CE338ABE27B7A5AE005289D1 /* Interactor.swift in Sources */ = {isa = PBXBuildFile; fileRef = CE338ABD27B7A5AE005289D1 /* Interactor.swift */; };
		CE338ABF27B7A5AE005289D1 /* Interactor.swift in Sources */ = {isa = PBXBuildFile; fileRef = CE338ABD27B7A5AE005289D1 /* Interactor.swift */; };
		CE338AC127B7A5B7005289D1 /* TasksListView.swift in Sources */ = {isa = PBXBuildFile; fileRef = CE338AC027B7A5B7005289D1 /* TasksListView.swift */; };
		CE338AC227B7A5B7005289D1 /* TasksListView.swift in Sources */ = {isa = PBXBuildFile; fileRef = CE338AC027B7A5B7005289D1 /* TasksListView.swift */; };
		CE338AC427B7A5E2005289D1 /* TasksListsVM.swift in Sources */ = {isa = PBXBuildFile; fileRef = CE338AC327B7A5E2005289D1 /* TasksListsVM.swift */; };
		CE338AC527B7A5E2005289D1 /* TasksListsVM.swift in Sources */ = {isa = PBXBuildFile; fileRef = CE338AC327B7A5E2005289D1 /* TasksListsVM.swift */; };
		CE338AC727B7A603005289D1 /* CoreDataManager.swift in Sources */ = {isa = PBXBuildFile; fileRef = CE338AC627B7A603005289D1 /* CoreDataManager.swift */; };
		CE338AC827B7A603005289D1 /* CoreDataManager.swift in Sources */ = {isa = PBXBuildFile; fileRef = CE338AC627B7A603005289D1 /* CoreDataManager.swift */; };
		CE338ACA27B7A634005289D1 /* TasksListInteractor.swift in Sources */ = {isa = PBXBuildFile; fileRef = CE338AC927B7A634005289D1 /* TasksListInteractor.swift */; };
		CE338ACB27B7A634005289D1 /* TasksListInteractor.swift in Sources */ = {isa = PBXBuildFile; fileRef = CE338AC927B7A634005289D1 /* TasksListInteractor.swift */; };
		CE338ACD27B7A63B005289D1 /* Dependency.swift in Sources */ = {isa = PBXBuildFile; fileRef = CE338ACC27B7A63B005289D1 /* Dependency.swift */; };
		CE338ACE27B7A63B005289D1 /* Dependency.swift in Sources */ = {isa = PBXBuildFile; fileRef = CE338ACC27B7A63B005289D1 /* Dependency.swift */; };
		CE338AD027B7A650005289D1 /* AppState.swift in Sources */ = {isa = PBXBuildFile; fileRef = CE338ACF27B7A650005289D1 /* AppState.swift */; };
		CE338AD127B7A650005289D1 /* AppState.swift in Sources */ = {isa = PBXBuildFile; fileRef = CE338ACF27B7A650005289D1 /* AppState.swift */; };
		CE338AD327B7A68D005289D1 /* Item.swift in Sources */ = {isa = PBXBuildFile; fileRef = CE338AD227B7A68D005289D1 /* Item.swift */; };
		CE338AD427B7A68D005289D1 /* Item.swift in Sources */ = {isa = PBXBuildFile; fileRef = CE338AD227B7A68D005289D1 /* Item.swift */; };
		CE338AD627B7A74C005289D1 /* NavigationBar.swift in Sources */ = {isa = PBXBuildFile; fileRef = CE338AD527B7A74C005289D1 /* NavigationBar.swift */; };
		CE338AD727B7A74C005289D1 /* NavigationBar.swift in Sources */ = {isa = PBXBuildFile; fileRef = CE338AD527B7A74C005289D1 /* NavigationBar.swift */; };
		CE338AD927B7A77F005289D1 /* NavigationBarModifier.swift in Sources */ = {isa = PBXBuildFile; fileRef = CE338AD827B7A77F005289D1 /* NavigationBarModifier.swift */; };
		CE338ADA27B7A77F005289D1 /* NavigationBarModifier.swift in Sources */ = {isa = PBXBuildFile; fileRef = CE338AD827B7A77F005289D1 /* NavigationBarModifier.swift */; };
		CE338ADC27B7A99D005289D1 /* ProjectsNavigationController.swift in Sources */ = {isa = PBXBuildFile; fileRef = CE338ADB27B7A99D005289D1 /* ProjectsNavigationController.swift */; };
		CE338ADD27B7A99D005289D1 /* ProjectsNavigationController.swift in Sources */ = {isa = PBXBuildFile; fileRef = CE338ADB27B7A99D005289D1 /* ProjectsNavigationController.swift */; };
		CE338ADF27B7A9D7005289D1 /* NavigationController.swift in Sources */ = {isa = PBXBuildFile; fileRef = CE338ADE27B7A9D7005289D1 /* NavigationController.swift */; };
		CE338AE027B7A9D7005289D1 /* NavigationController.swift in Sources */ = {isa = PBXBuildFile; fileRef = CE338ADE27B7A9D7005289D1 /* NavigationController.swift */; };
		CE338AE227B7A9FC005289D1 /* StackScreenViewController.swift in Sources */ = {isa = PBXBuildFile; fileRef = CE338AE127B7A9FC005289D1 /* StackScreenViewController.swift */; };
		CE338AE327B7A9FC005289D1 /* StackScreenViewController.swift in Sources */ = {isa = PBXBuildFile; fileRef = CE338AE127B7A9FC005289D1 /* StackScreenViewController.swift */; };
		CE338AE527B7B6A5005289D1 /* ScreenType.swift in Sources */ = {isa = PBXBuildFile; fileRef = CE338AE427B7B6A5005289D1 /* ScreenType.swift */; };
		CE338AE627B7B6A5005289D1 /* ScreenType.swift in Sources */ = {isa = PBXBuildFile; fileRef = CE338AE427B7B6A5005289D1 /* ScreenType.swift */; };
		CE338AE827B7B773005289D1 /* StackAction.swift in Sources */ = {isa = PBXBuildFile; fileRef = CE338AE727B7B773005289D1 /* StackAction.swift */; };
		CE338AE927B7B773005289D1 /* StackAction.swift in Sources */ = {isa = PBXBuildFile; fileRef = CE338AE727B7B773005289D1 /* StackAction.swift */; };
		CE338AEB27B7B890005289D1 /* BaseVM.swift in Sources */ = {isa = PBXBuildFile; fileRef = CE338AEA27B7B890005289D1 /* BaseVM.swift */; };
		CE338AEC27B7B890005289D1 /* BaseVM.swift in Sources */ = {isa = PBXBuildFile; fileRef = CE338AEA27B7B890005289D1 /* BaseVM.swift */; };
		CE338AEE27B7D9C9005289D1 /* DateManager.swift in Sources */ = {isa = PBXBuildFile; fileRef = CE338AED27B7D9C9005289D1 /* DateManager.swift */; };
		CE338AEF27B7D9C9005289D1 /* DateManager.swift in Sources */ = {isa = PBXBuildFile; fileRef = CE338AED27B7D9C9005289D1 /* DateManager.swift */; };
		CE338AF127B7D9F7005289D1 /* ItemType.swift in Sources */ = {isa = PBXBuildFile; fileRef = CE338AF027B7D9F7005289D1 /* ItemType.swift */; };
		CE338AF227B7D9F7005289D1 /* ItemType.swift in Sources */ = {isa = PBXBuildFile; fileRef = CE338AF027B7D9F7005289D1 /* ItemType.swift */; };
		CE338AF527B7DA1C005289D1 /* Model.xcdatamodeld in Sources */ = {isa = PBXBuildFile; fileRef = CE338AF327B7DA1C005289D1 /* Model.xcdatamodeld */; };
		CE338AF627B7DA1C005289D1 /* Model.xcdatamodeld in Sources */ = {isa = PBXBuildFile; fileRef = CE338AF327B7DA1C005289D1 /* Model.xcdatamodeld */; };
		CE344FBB27BBDC78000FF670 /* TaskDTOReduced.swift in Sources */ = {isa = PBXBuildFile; fileRef = CE344FBA27BBDC78000FF670 /* TaskDTOReduced.swift */; };
		CE61F6AB27B7DDE000A734EE /* ItemObject+CoreDataClass.swift in Sources */ = {isa = PBXBuildFile; fileRef = CE61F6A927B7DDE000A734EE /* ItemObject+CoreDataClass.swift */; };
		CE61F6AC27B7DDE000A734EE /* ItemObject+CoreDataProperties.swift in Sources */ = {isa = PBXBuildFile; fileRef = CE61F6AA27B7DDE000A734EE /* ItemObject+CoreDataProperties.swift */; };
		CE61F6AE27B7FCC300A734EE /* ScreenFactory.swift in Sources */ = {isa = PBXBuildFile; fileRef = CE61F6AD27B7FCC300A734EE /* ScreenFactory.swift */; };
		CE61F6B027B7FE4E00A734EE /* VMFactory.swift in Sources */ = {isa = PBXBuildFile; fileRef = CE61F6AF27B7FE4E00A734EE /* VMFactory.swift */; };
		CE61F6B227B83C5900A734EE /* Tabbar.swift in Sources */ = {isa = PBXBuildFile; fileRef = CE61F6B127B83C5900A734EE /* Tabbar.swift */; };
		CE61F6B427B83CB200A734EE /* TasksNavigationController.swift in Sources */ = {isa = PBXBuildFile; fileRef = CE61F6B327B83CB200A734EE /* TasksNavigationController.swift */; };
		CE61F6B627B83CC200A734EE /* NotesNavigationController.swift in Sources */ = {isa = PBXBuildFile; fileRef = CE61F6B527B83CC200A734EE /* NotesNavigationController.swift */; };
		CE61F6B927B8782900A734EE /* TaskDetailsView.swift in Sources */ = {isa = PBXBuildFile; fileRef = CE61F6B827B8782900A734EE /* TaskDetailsView.swift */; };
		CE61F6BB27B8783300A734EE /* TaskDetailsVM.swift in Sources */ = {isa = PBXBuildFile; fileRef = CE61F6BA27B8783300A734EE /* TaskDetailsVM.swift */; };
		CE61F6BE27B8FA5C00A734EE /* ProjectsListView.swift in Sources */ = {isa = PBXBuildFile; fileRef = CE61F6BD27B8FA5C00A734EE /* ProjectsListView.swift */; };
		CE61F6C027B8FA6900A734EE /* ProjectsListVM.swift in Sources */ = {isa = PBXBuildFile; fileRef = CE61F6BF27B8FA6900A734EE /* ProjectsListVM.swift */; };
		CE61F6C327B9114200A734EE /* ProjectDetailsView.swift in Sources */ = {isa = PBXBuildFile; fileRef = CE61F6C227B9114200A734EE /* ProjectDetailsView.swift */; };
		CE61F6C527B9115400A734EE /* ProjectDetailsVM.swift in Sources */ = {isa = PBXBuildFile; fileRef = CE61F6C427B9115400A734EE /* ProjectDetailsVM.swift */; };
		CE61F6C827B9622D00A734EE /* Haptic.swift in Sources */ = {isa = PBXBuildFile; fileRef = CE61F6C727B9622D00A734EE /* Haptic.swift */; };
		CE61F6CD27B9B31C00A734EE /* TaskDTO.swift in Sources */ = {isa = PBXBuildFile; fileRef = CE61F6CC27B9B31C00A734EE /* TaskDTO.swift */; };
		CE61F6D127B9B36C00A734EE /* ItemStatus.swift in Sources */ = {isa = PBXBuildFile; fileRef = CE61F6D027B9B36C00A734EE /* ItemStatus.swift */; };
		CE61F6D327B9B37E00A734EE /* ProjectDTO.swift in Sources */ = {isa = PBXBuildFile; fileRef = CE61F6D227B9B37E00A734EE /* ProjectDTO.swift */; };
		CE8F04BB27BC72660067D3EE /* ProjectDTOReduced.swift in Sources */ = {isa = PBXBuildFile; fileRef = CE8F04BA27BC72660067D3EE /* ProjectDTOReduced.swift */; };
		CE8F04BD27BD0AF70067D3EE /* String+Ext.swift in Sources */ = {isa = PBXBuildFile; fileRef = CE8F04BC27BD0AF70067D3EE /* String+Ext.swift */; };
		CE9043EB27BE73F200AADC63 /* Array+Ext.swift in Sources */ = {isa = PBXBuildFile; fileRef = CE9043EA27BE73F200AADC63 /* Array+Ext.swift */; };
		CE9043EC27BE73F200AADC63 /* Array+Ext.swift in Sources */ = {isa = PBXBuildFile; fileRef = CE9043EA27BE73F200AADC63 /* Array+Ext.swift */; };
		CE9043EE27BE8A8900AADC63 /* TabbarVM.swift in Sources */ = {isa = PBXBuildFile; fileRef = CE9043ED27BE8A8900AADC63 /* TabbarVM.swift */; };
		CE9043EF27BE8A8900AADC63 /* TabbarVM.swift in Sources */ = {isa = PBXBuildFile; fileRef = CE9043ED27BE8A8900AADC63 /* TabbarVM.swift */; };
/* End PBXBuildFile section */

/* Begin PBXFileReference section */
		CE338A9C27B7A4E5005289D1 /* CobaltAppApp.swift */ = {isa = PBXFileReference; lastKnownFileType = sourcecode.swift; path = CobaltAppApp.swift; sourceTree = "<group>"; };
		CE338A9D27B7A4E5005289D1 /* ContentView.swift */ = {isa = PBXFileReference; lastKnownFileType = sourcecode.swift; path = ContentView.swift; sourceTree = "<group>"; };
		CE338A9E27B7A4E6005289D1 /* Assets.xcassets */ = {isa = PBXFileReference; lastKnownFileType = folder.assetcatalog; path = Assets.xcassets; sourceTree = "<group>"; };
		CE338AA327B7A4E6005289D1 /* CobaltApp.app */ = {isa = PBXFileReference; explicitFileType = wrapper.application; includeInIndex = 0; path = CobaltApp.app; sourceTree = BUILT_PRODUCTS_DIR; };
		CE338AA927B7A4E6005289D1 /* CobaltApp.app */ = {isa = PBXFileReference; explicitFileType = wrapper.application; includeInIndex = 0; path = CobaltApp.app; sourceTree = BUILT_PRODUCTS_DIR; };
		CE338AAB27B7A4E6005289D1 /* macOS.entitlements */ = {isa = PBXFileReference; lastKnownFileType = text.plist.entitlements; path = macOS.entitlements; sourceTree = "<group>"; };
		CE338ABA27B7A5A7005289D1 /* Router.swift */ = {isa = PBXFileReference; lastKnownFileType = sourcecode.swift; path = Router.swift; sourceTree = "<group>"; };
		CE338ABD27B7A5AE005289D1 /* Interactor.swift */ = {isa = PBXFileReference; lastKnownFileType = sourcecode.swift; path = Interactor.swift; sourceTree = "<group>"; };
		CE338AC027B7A5B7005289D1 /* TasksListView.swift */ = {isa = PBXFileReference; lastKnownFileType = sourcecode.swift; path = TasksListView.swift; sourceTree = "<group>"; };
		CE338AC327B7A5E2005289D1 /* TasksListsVM.swift */ = {isa = PBXFileReference; lastKnownFileType = sourcecode.swift; path = TasksListsVM.swift; sourceTree = "<group>"; };
		CE338AC627B7A603005289D1 /* CoreDataManager.swift */ = {isa = PBXFileReference; lastKnownFileType = sourcecode.swift; path = CoreDataManager.swift; sourceTree = "<group>"; };
		CE338AC927B7A634005289D1 /* TasksListInteractor.swift */ = {isa = PBXFileReference; lastKnownFileType = sourcecode.swift; path = TasksListInteractor.swift; sourceTree = "<group>"; };
		CE338ACC27B7A63B005289D1 /* Dependency.swift */ = {isa = PBXFileReference; lastKnownFileType = sourcecode.swift; path = Dependency.swift; sourceTree = "<group>"; };
		CE338ACF27B7A650005289D1 /* AppState.swift */ = {isa = PBXFileReference; lastKnownFileType = sourcecode.swift; path = AppState.swift; sourceTree = "<group>"; };
		CE338AD227B7A68D005289D1 /* Item.swift */ = {isa = PBXFileReference; lastKnownFileType = sourcecode.swift; path = Item.swift; sourceTree = "<group>"; };
		CE338AD527B7A74C005289D1 /* NavigationBar.swift */ = {isa = PBXFileReference; lastKnownFileType = sourcecode.swift; path = NavigationBar.swift; sourceTree = "<group>"; };
		CE338AD827B7A77F005289D1 /* NavigationBarModifier.swift */ = {isa = PBXFileReference; lastKnownFileType = sourcecode.swift; path = NavigationBarModifier.swift; sourceTree = "<group>"; };
		CE338ADB27B7A99D005289D1 /* ProjectsNavigationController.swift */ = {isa = PBXFileReference; lastKnownFileType = sourcecode.swift; path = ProjectsNavigationController.swift; sourceTree = "<group>"; };
		CE338ADE27B7A9D7005289D1 /* NavigationController.swift */ = {isa = PBXFileReference; lastKnownFileType = sourcecode.swift; path = NavigationController.swift; sourceTree = "<group>"; };
		CE338AE127B7A9FC005289D1 /* StackScreenViewController.swift */ = {isa = PBXFileReference; lastKnownFileType = sourcecode.swift; path = StackScreenViewController.swift; sourceTree = "<group>"; };
		CE338AE427B7B6A5005289D1 /* ScreenType.swift */ = {isa = PBXFileReference; lastKnownFileType = sourcecode.swift; path = ScreenType.swift; sourceTree = "<group>"; };
		CE338AE727B7B773005289D1 /* StackAction.swift */ = {isa = PBXFileReference; lastKnownFileType = sourcecode.swift; path = StackAction.swift; sourceTree = "<group>"; };
		CE338AEA27B7B890005289D1 /* BaseVM.swift */ = {isa = PBXFileReference; lastKnownFileType = sourcecode.swift; path = BaseVM.swift; sourceTree = "<group>"; };
		CE338AED27B7D9C9005289D1 /* DateManager.swift */ = {isa = PBXFileReference; lastKnownFileType = sourcecode.swift; path = DateManager.swift; sourceTree = "<group>"; };
		CE338AF027B7D9F7005289D1 /* ItemType.swift */ = {isa = PBXFileReference; lastKnownFileType = sourcecode.swift; path = ItemType.swift; sourceTree = "<group>"; };
		CE338AF427B7DA1C005289D1 /* Model.xcdatamodel */ = {isa = PBXFileReference; lastKnownFileType = wrapper.xcdatamodel; path = Model.xcdatamodel; sourceTree = "<group>"; };
		CE344FBA27BBDC78000FF670 /* TaskDTOReduced.swift */ = {isa = PBXFileReference; lastKnownFileType = sourcecode.swift; path = TaskDTOReduced.swift; sourceTree = "<group>"; };
		CE61F6A927B7DDE000A734EE /* ItemObject+CoreDataClass.swift */ = {isa = PBXFileReference; lastKnownFileType = sourcecode.swift; path = "ItemObject+CoreDataClass.swift"; sourceTree = "<group>"; };
		CE61F6AA27B7DDE000A734EE /* ItemObject+CoreDataProperties.swift */ = {isa = PBXFileReference; lastKnownFileType = sourcecode.swift; path = "ItemObject+CoreDataProperties.swift"; sourceTree = "<group>"; };
		CE61F6AD27B7FCC300A734EE /* ScreenFactory.swift */ = {isa = PBXFileReference; lastKnownFileType = sourcecode.swift; path = ScreenFactory.swift; sourceTree = "<group>"; };
		CE61F6AF27B7FE4E00A734EE /* VMFactory.swift */ = {isa = PBXFileReference; lastKnownFileType = sourcecode.swift; path = VMFactory.swift; sourceTree = "<group>"; };
		CE61F6B127B83C5900A734EE /* Tabbar.swift */ = {isa = PBXFileReference; lastKnownFileType = sourcecode.swift; path = Tabbar.swift; sourceTree = "<group>"; };
		CE61F6B327B83CB200A734EE /* TasksNavigationController.swift */ = {isa = PBXFileReference; lastKnownFileType = sourcecode.swift; path = TasksNavigationController.swift; sourceTree = "<group>"; };
		CE61F6B527B83CC200A734EE /* NotesNavigationController.swift */ = {isa = PBXFileReference; lastKnownFileType = sourcecode.swift; path = NotesNavigationController.swift; sourceTree = "<group>"; };
		CE61F6B827B8782900A734EE /* TaskDetailsView.swift */ = {isa = PBXFileReference; lastKnownFileType = sourcecode.swift; path = TaskDetailsView.swift; sourceTree = "<group>"; };
		CE61F6BA27B8783300A734EE /* TaskDetailsVM.swift */ = {isa = PBXFileReference; lastKnownFileType = sourcecode.swift; path = TaskDetailsVM.swift; sourceTree = "<group>"; };
		CE61F6BD27B8FA5C00A734EE /* ProjectsListView.swift */ = {isa = PBXFileReference; lastKnownFileType = sourcecode.swift; path = ProjectsListView.swift; sourceTree = "<group>"; };
		CE61F6BF27B8FA6900A734EE /* ProjectsListVM.swift */ = {isa = PBXFileReference; lastKnownFileType = sourcecode.swift; path = ProjectsListVM.swift; sourceTree = "<group>"; };
		CE61F6C227B9114200A734EE /* ProjectDetailsView.swift */ = {isa = PBXFileReference; lastKnownFileType = sourcecode.swift; path = ProjectDetailsView.swift; sourceTree = "<group>"; };
		CE61F6C427B9115400A734EE /* ProjectDetailsVM.swift */ = {isa = PBXFileReference; lastKnownFileType = sourcecode.swift; path = ProjectDetailsVM.swift; sourceTree = "<group>"; };
		CE61F6C727B9622D00A734EE /* Haptic.swift */ = {isa = PBXFileReference; lastKnownFileType = sourcecode.swift; path = Haptic.swift; sourceTree = "<group>"; };
		CE61F6CC27B9B31C00A734EE /* TaskDTO.swift */ = {isa = PBXFileReference; lastKnownFileType = sourcecode.swift; path = TaskDTO.swift; sourceTree = "<group>"; };
		CE61F6D027B9B36C00A734EE /* ItemStatus.swift */ = {isa = PBXFileReference; lastKnownFileType = sourcecode.swift; path = ItemStatus.swift; sourceTree = "<group>"; };
		CE61F6D227B9B37E00A734EE /* ProjectDTO.swift */ = {isa = PBXFileReference; lastKnownFileType = sourcecode.swift; path = ProjectDTO.swift; sourceTree = "<group>"; };
		CE8F04BA27BC72660067D3EE /* ProjectDTOReduced.swift */ = {isa = PBXFileReference; lastKnownFileType = sourcecode.swift; path = ProjectDTOReduced.swift; sourceTree = "<group>"; };
		CE8F04BC27BD0AF70067D3EE /* String+Ext.swift */ = {isa = PBXFileReference; lastKnownFileType = sourcecode.swift; path = "String+Ext.swift"; sourceTree = "<group>"; };
		CE9043EA27BE73F200AADC63 /* Array+Ext.swift */ = {isa = PBXFileReference; lastKnownFileType = sourcecode.swift; path = "Array+Ext.swift"; sourceTree = "<group>"; };
		CE9043ED27BE8A8900AADC63 /* TabbarVM.swift */ = {isa = PBXFileReference; lastKnownFileType = sourcecode.swift; path = TabbarVM.swift; sourceTree = "<group>"; };
/* End PBXFileReference section */

/* Begin PBXFrameworksBuildPhase section */
		CE338AA027B7A4E6005289D1 /* Frameworks */ = {
			isa = PBXFrameworksBuildPhase;
			buildActionMask = 2147483647;
			files = (
			);
			runOnlyForDeploymentPostprocessing = 0;
		};
		CE338AA627B7A4E6005289D1 /* Frameworks */ = {
			isa = PBXFrameworksBuildPhase;
			buildActionMask = 2147483647;
			files = (
			);
			runOnlyForDeploymentPostprocessing = 0;
		};
/* End PBXFrameworksBuildPhase section */

/* Begin PBXGroup section */
		CE338A9627B7A4E4005289D1 = {
			isa = PBXGroup;
			children = (
				CE61F6C727B9622D00A734EE /* Haptic.swift */,
				CE61F6A927B7DDE000A734EE /* ItemObject+CoreDataClass.swift */,
				CE61F6AA27B7DDE000A734EE /* ItemObject+CoreDataProperties.swift */,
				CE338A9B27B7A4E5005289D1 /* Shared */,
				CE338AAA27B7A4E6005289D1 /* macOS */,
				CE338AA427B7A4E6005289D1 /* Products */,
			);
			sourceTree = "<group>";
		};
		CE338A9B27B7A4E5005289D1 /* Shared */ = {
			isa = PBXGroup;
			children = (
				CE338A9C27B7A4E5005289D1 /* CobaltAppApp.swift */,
				CE338A9D27B7A4E5005289D1 /* ContentView.swift */,
				CE338ABA27B7A5A7005289D1 /* Router.swift */,
				CE338AE727B7B773005289D1 /* StackAction.swift */,
				CE338ABD27B7A5AE005289D1 /* Interactor.swift */,
				CE61F6B727B866ED00A734EE /* TasksList */,
				CE61F6C627B9116E00A734EE /* ProjectDetails */,
				CE61F6BC27B8783800A734EE /* TaskDetails */,
				CE61F6C127B9111600A734EE /* ProjectsList */,
				CE61F6B127B83C5900A734EE /* Tabbar.swift */,
				CE9043ED27BE8A8900AADC63 /* TabbarVM.swift */,
				CE8F04BE27BD35E20067D3EE /* NavigationControllers */,
				CE338AC627B7A603005289D1 /* CoreDataManager.swift */,
				CE8F04BC27BD0AF70067D3EE /* String+Ext.swift */,
				CE9043EA27BE73F200AADC63 /* Array+Ext.swift */,
				CE338AF027B7D9F7005289D1 /* ItemType.swift */,
				CE338AF327B7DA1C005289D1 /* Model.xcdatamodeld */,
				CE338AED27B7D9C9005289D1 /* DateManager.swift */,
				CE338AC927B7A634005289D1 /* TasksListInteractor.swift */,
				CE338ACC27B7A63B005289D1 /* Dependency.swift */,
				CE338ACF27B7A650005289D1 /* AppState.swift */,
				CE338AD527B7A74C005289D1 /* NavigationBar.swift */,
				CE61F6AD27B7FCC300A734EE /* ScreenFactory.swift */,
				CE61F6AF27B7FE4E00A734EE /* VMFactory.swift */,
				CE338AE427B7B6A5005289D1 /* ScreenType.swift */,
				CE338AD827B7A77F005289D1 /* NavigationBarModifier.swift */,
				CE338AEA27B7B890005289D1 /* BaseVM.swift */,
				CE338AE127B7A9FC005289D1 /* StackScreenViewController.swift */,
				CE61F6C927B9B2F900A734EE /* Model */,
				CE338A9E27B7A4E6005289D1 /* Assets.xcassets */,
			);
			path = Shared;
			sourceTree = "<group>";
		};
		CE338AA427B7A4E6005289D1 /* Products */ = {
			isa = PBXGroup;
			children = (
				CE338AA327B7A4E6005289D1 /* CobaltApp.app */,
				CE338AA927B7A4E6005289D1 /* CobaltApp.app */,
			);
			name = Products;
			sourceTree = "<group>";
		};
		CE338AAA27B7A4E6005289D1 /* macOS */ = {
			isa = PBXGroup;
			children = (
				CE338AAB27B7A4E6005289D1 /* macOS.entitlements */,
			);
			path = macOS;
			sourceTree = "<group>";
		};
		CE61F6B727B866ED00A734EE /* TasksList */ = {
			isa = PBXGroup;
			children = (
				CE338AC027B7A5B7005289D1 /* TasksListView.swift */,
				CE338AC327B7A5E2005289D1 /* TasksListsVM.swift */,
			);
			path = TasksList;
			sourceTree = "<group>";
		};
		CE61F6BC27B8783800A734EE /* TaskDetails */ = {
			isa = PBXGroup;
			children = (
				CE61F6B827B8782900A734EE /* TaskDetailsView.swift */,
				CE61F6BA27B8783300A734EE /* TaskDetailsVM.swift */,
			);
			path = TaskDetails;
			sourceTree = "<group>";
		};
		CE61F6C127B9111600A734EE /* ProjectsList */ = {
			isa = PBXGroup;
			children = (
				CE61F6BD27B8FA5C00A734EE /* ProjectsListView.swift */,
				CE61F6BF27B8FA6900A734EE /* ProjectsListVM.swift */,
			);
			path = ProjectsList;
			sourceTree = "<group>";
		};
		CE61F6C627B9116E00A734EE /* ProjectDetails */ = {
			isa = PBXGroup;
			children = (
				CE61F6C227B9114200A734EE /* ProjectDetailsView.swift */,
				CE61F6C427B9115400A734EE /* ProjectDetailsVM.swift */,
			);
			path = ProjectDetails;
			sourceTree = "<group>";
		};
		CE61F6C927B9B2F900A734EE /* Model */ = {
			isa = PBXGroup;
			children = (
				CE338AD227B7A68D005289D1 /* Item.swift */,
				CE61F6D027B9B36C00A734EE /* ItemStatus.swift */,
				CE61F6CC27B9B31C00A734EE /* TaskDTO.swift */,
				CE344FBA27BBDC78000FF670 /* TaskDTOReduced.swift */,
				CE61F6D227B9B37E00A734EE /* ProjectDTO.swift */,
				CE8F04BA27BC72660067D3EE /* ProjectDTOReduced.swift */,
			);
			path = Model;
			sourceTree = "<group>";
		};
		CE8F04BE27BD35E20067D3EE /* NavigationControllers */ = {
			isa = PBXGroup;
			children = (
				CE338ADB27B7A99D005289D1 /* ProjectsNavigationController.swift */,
				CE61F6B527B83CC200A734EE /* NotesNavigationController.swift */,
				CE61F6B327B83CB200A734EE /* TasksNavigationController.swift */,
				CE338ADE27B7A9D7005289D1 /* NavigationController.swift */,
			);
			path = NavigationControllers;
			sourceTree = "<group>";
		};
/* End PBXGroup section */

/* Begin PBXNativeTarget section */
		CE338AA227B7A4E6005289D1 /* CobaltApp (iOS) */ = {
			isa = PBXNativeTarget;
			buildConfigurationList = CE338AB427B7A4E6005289D1 /* Build configuration list for PBXNativeTarget "CobaltApp (iOS)" */;
			buildPhases = (
				CE338A9F27B7A4E6005289D1 /* Sources */,
				CE338AA027B7A4E6005289D1 /* Frameworks */,
				CE338AA127B7A4E6005289D1 /* Resources */,
			);
			buildRules = (
			);
			dependencies = (
			);
			name = "CobaltApp (iOS)";
			productName = "CobaltApp (iOS)";
			productReference = CE338AA327B7A4E6005289D1 /* CobaltApp.app */;
			productType = "com.apple.product-type.application";
		};
		CE338AA827B7A4E6005289D1 /* CobaltApp (macOS) */ = {
			isa = PBXNativeTarget;
			buildConfigurationList = CE338AB727B7A4E6005289D1 /* Build configuration list for PBXNativeTarget "CobaltApp (macOS)" */;
			buildPhases = (
				CE338AA527B7A4E6005289D1 /* Sources */,
				CE338AA627B7A4E6005289D1 /* Frameworks */,
				CE338AA727B7A4E6005289D1 /* Resources */,
			);
			buildRules = (
			);
			dependencies = (
			);
			name = "CobaltApp (macOS)";
			productName = "CobaltApp (macOS)";
			productReference = CE338AA927B7A4E6005289D1 /* CobaltApp.app */;
			productType = "com.apple.product-type.application";
		};
/* End PBXNativeTarget section */

/* Begin PBXProject section */
		CE338A9727B7A4E4005289D1 /* Project object */ = {
			isa = PBXProject;
			attributes = {
				BuildIndependentTargetsInParallel = 1;
				LastSwiftUpdateCheck = 1300;
				LastUpgradeCheck = 1300;
				TargetAttributes = {
					CE338AA227B7A4E6005289D1 = {
						CreatedOnToolsVersion = 13.0;
					};
					CE338AA827B7A4E6005289D1 = {
						CreatedOnToolsVersion = 13.0;
					};
				};
			};
			buildConfigurationList = CE338A9A27B7A4E4005289D1 /* Build configuration list for PBXProject "CobaltApp" */;
			compatibilityVersion = "Xcode 13.0";
			developmentRegion = en;
			hasScannedForEncodings = 0;
			knownRegions = (
				en,
				Base,
			);
			mainGroup = CE338A9627B7A4E4005289D1;
			productRefGroup = CE338AA427B7A4E6005289D1 /* Products */;
			projectDirPath = "";
			projectRoot = "";
			targets = (
				CE338AA227B7A4E6005289D1 /* CobaltApp (iOS) */,
				CE338AA827B7A4E6005289D1 /* CobaltApp (macOS) */,
			);
		};
/* End PBXProject section */

/* Begin PBXResourcesBuildPhase section */
		CE338AA127B7A4E6005289D1 /* Resources */ = {
			isa = PBXResourcesBuildPhase;
			buildActionMask = 2147483647;
			files = (
				CE338AB027B7A4E6005289D1 /* Assets.xcassets in Resources */,
			);
			runOnlyForDeploymentPostprocessing = 0;
		};
		CE338AA727B7A4E6005289D1 /* Resources */ = {
			isa = PBXResourcesBuildPhase;
			buildActionMask = 2147483647;
			files = (
				CE338AB127B7A4E6005289D1 /* Assets.xcassets in Resources */,
			);
			runOnlyForDeploymentPostprocessing = 0;
		};
/* End PBXResourcesBuildPhase section */

/* Begin PBXSourcesBuildPhase section */
		CE338A9F27B7A4E6005289D1 /* Sources */ = {
			isa = PBXSourcesBuildPhase;
			buildActionMask = 2147483647;
			files = (
				CE338AAE27B7A4E6005289D1 /* ContentView.swift in Sources */,
				CE61F6B027B7FE4E00A734EE /* VMFactory.swift in Sources */,
				CE338AEE27B7D9C9005289D1 /* DateManager.swift in Sources */,
				CE338AD027B7A650005289D1 /* AppState.swift in Sources */,
				CE338AE827B7B773005289D1 /* StackAction.swift in Sources */,
				CE61F6AE27B7FCC300A734EE /* ScreenFactory.swift in Sources */,
				CE338AD327B7A68D005289D1 /* Item.swift in Sources */,
				CE338AEB27B7B890005289D1 /* BaseVM.swift in Sources */,
				CE338AE527B7B6A5005289D1 /* ScreenType.swift in Sources */,
				CE8F04BD27BD0AF70067D3EE /* String+Ext.swift in Sources */,
				CE61F6D327B9B37E00A734EE /* ProjectDTO.swift in Sources */,
				CE338ACA27B7A634005289D1 /* TasksListInteractor.swift in Sources */,
				CE338ABB27B7A5A7005289D1 /* Router.swift in Sources */,
				CE61F6C027B8FA6900A734EE /* ProjectsListVM.swift in Sources */,
				CE61F6C827B9622D00A734EE /* Haptic.swift in Sources */,
				CE61F6C527B9115400A734EE /* ProjectDetailsVM.swift in Sources */,
				CE9043EB27BE73F200AADC63 /* Array+Ext.swift in Sources */,
				CE338AF527B7DA1C005289D1 /* Model.xcdatamodeld in Sources */,
				CE61F6B227B83C5900A734EE /* Tabbar.swift in Sources */,
				CE61F6B627B83CC200A734EE /* NotesNavigationController.swift in Sources */,
				CE61F6CD27B9B31C00A734EE /* TaskDTO.swift in Sources */,
				CE61F6B927B8782900A734EE /* TaskDetailsView.swift in Sources */,
				CE338ACD27B7A63B005289D1 /* Dependency.swift in Sources */,
				CE338ABE27B7A5AE005289D1 /* Interactor.swift in Sources */,
				CE61F6AB27B7DDE000A734EE /* ItemObject+CoreDataClass.swift in Sources */,
				CE61F6BE27B8FA5C00A734EE /* ProjectsListView.swift in Sources */,
				CE338ADF27B7A9D7005289D1 /* NavigationController.swift in Sources */,
				CE344FBB27BBDC78000FF670 /* TaskDTOReduced.swift in Sources */,
				CE9043EE27BE8A8900AADC63 /* TabbarVM.swift in Sources */,
				CE338AAC27B7A4E6005289D1 /* CobaltAppApp.swift in Sources */,
				CE61F6AC27B7DDE000A734EE /* ItemObject+CoreDataProperties.swift in Sources */,
				CE338AC127B7A5B7005289D1 /* TasksListView.swift in Sources */,
				CE61F6B427B83CB200A734EE /* TasksNavigationController.swift in Sources */,
				CE61F6D127B9B36C00A734EE /* ItemStatus.swift in Sources */,
				CE8F04BB27BC72660067D3EE /* ProjectDTOReduced.swift in Sources */,
				CE61F6C327B9114200A734EE /* ProjectDetailsView.swift in Sources */,
				CE61F6BB27B8783300A734EE /* TaskDetailsVM.swift in Sources */,
				CE338AF127B7D9F7005289D1 /* ItemType.swift in Sources */,
				CE338AC727B7A603005289D1 /* CoreDataManager.swift in Sources */,
				CE338AC427B7A5E2005289D1 /* TasksListsVM.swift in Sources */,
				CE338AD627B7A74C005289D1 /* NavigationBar.swift in Sources */,
				CE338AD927B7A77F005289D1 /* NavigationBarModifier.swift in Sources */,
				CE338ADC27B7A99D005289D1 /* ProjectsNavigationController.swift in Sources */,
				CE338AE227B7A9FC005289D1 /* StackScreenViewController.swift in Sources */,
			);
			runOnlyForDeploymentPostprocessing = 0;
		};
		CE338AA527B7A4E6005289D1 /* Sources */ = {
			isa = PBXSourcesBuildPhase;
			buildActionMask = 2147483647;
			files = (
				CE338AAF27B7A4E6005289D1 /* ContentView.swift in Sources */,
				CE338AEF27B7D9C9005289D1 /* DateManager.swift in Sources */,
				CE338AD127B7A650005289D1 /* AppState.swift in Sources */,
				CE338AE927B7B773005289D1 /* StackAction.swift in Sources */,
				CE338AD427B7A68D005289D1 /* Item.swift in Sources */,
				CE338AEC27B7B890005289D1 /* BaseVM.swift in Sources */,
				CE338AE627B7B6A5005289D1 /* ScreenType.swift in Sources */,
				CE338ACB27B7A634005289D1 /* TasksListInteractor.swift in Sources */,
				CE9043EF27BE8A8900AADC63 /* TabbarVM.swift in Sources */,
				CE338ABC27B7A5A7005289D1 /* Router.swift in Sources */,
				CE338AF627B7DA1C005289D1 /* Model.xcdatamodeld in Sources */,
				CE9043EC27BE73F200AADC63 /* Array+Ext.swift in Sources */,
				CE338ACE27B7A63B005289D1 /* Dependency.swift in Sources */,
				CE338ABF27B7A5AE005289D1 /* Interactor.swift in Sources */,
				CE338AE027B7A9D7005289D1 /* NavigationController.swift in Sources */,
				CE338AAD27B7A4E6005289D1 /* CobaltAppApp.swift in Sources */,
				CE338AC227B7A5B7005289D1 /* TasksListView.swift in Sources */,
				CE338AF227B7D9F7005289D1 /* ItemType.swift in Sources */,
				CE338AC827B7A603005289D1 /* CoreDataManager.swift in Sources */,
				CE338AC527B7A5E2005289D1 /* TasksListsVM.swift in Sources */,
				CE338AD727B7A74C005289D1 /* NavigationBar.swift in Sources */,
				CE338ADA27B7A77F005289D1 /* NavigationBarModifier.swift in Sources */,
				CE338ADD27B7A99D005289D1 /* ProjectsNavigationController.swift in Sources */,
				CE338AE327B7A9FC005289D1 /* StackScreenViewController.swift in Sources */,
			);
			runOnlyForDeploymentPostprocessing = 0;
		};
/* End PBXSourcesBuildPhase section */

/* Begin XCBuildConfiguration section */
		CE338AB227B7A4E6005289D1 /* Debug */ = {
			isa = XCBuildConfiguration;
			buildSettings = {
				ALWAYS_SEARCH_USER_PATHS = NO;
				CLANG_ANALYZER_NONNULL = YES;
				CLANG_ANALYZER_NUMBER_OBJECT_CONVERSION = YES_AGGRESSIVE;
				CLANG_CXX_LANGUAGE_STANDARD = "gnu++17";
				CLANG_CXX_LIBRARY = "libc++";
				CLANG_ENABLE_MODULES = YES;
				CLANG_ENABLE_OBJC_ARC = YES;
				CLANG_ENABLE_OBJC_WEAK = YES;
				CLANG_WARN_BLOCK_CAPTURE_AUTORELEASING = YES;
				CLANG_WARN_BOOL_CONVERSION = YES;
				CLANG_WARN_COMMA = YES;
				CLANG_WARN_CONSTANT_CONVERSION = YES;
				CLANG_WARN_DEPRECATED_OBJC_IMPLEMENTATIONS = YES;
				CLANG_WARN_DIRECT_OBJC_ISA_USAGE = YES_ERROR;
				CLANG_WARN_DOCUMENTATION_COMMENTS = YES;
				CLANG_WARN_EMPTY_BODY = YES;
				CLANG_WARN_ENUM_CONVERSION = YES;
				CLANG_WARN_INFINITE_RECURSION = YES;
				CLANG_WARN_INT_CONVERSION = YES;
				CLANG_WARN_NON_LITERAL_NULL_CONVERSION = YES;
				CLANG_WARN_OBJC_IMPLICIT_RETAIN_SELF = YES;
				CLANG_WARN_OBJC_LITERAL_CONVERSION = YES;
				CLANG_WARN_OBJC_ROOT_CLASS = YES_ERROR;
				CLANG_WARN_QUOTED_INCLUDE_IN_FRAMEWORK_HEADER = YES;
				CLANG_WARN_RANGE_LOOP_ANALYSIS = YES;
				CLANG_WARN_STRICT_PROTOTYPES = YES;
				CLANG_WARN_SUSPICIOUS_MOVE = YES;
				CLANG_WARN_UNGUARDED_AVAILABILITY = YES_AGGRESSIVE;
				CLANG_WARN_UNREACHABLE_CODE = YES;
				CLANG_WARN__DUPLICATE_METHOD_MATCH = YES;
				COPY_PHASE_STRIP = NO;
				DEBUG_INFORMATION_FORMAT = dwarf;
				ENABLE_STRICT_OBJC_MSGSEND = YES;
				ENABLE_TESTABILITY = YES;
				GCC_C_LANGUAGE_STANDARD = gnu11;
				GCC_DYNAMIC_NO_PIC = NO;
				GCC_NO_COMMON_BLOCKS = YES;
				GCC_OPTIMIZATION_LEVEL = 0;
				GCC_PREPROCESSOR_DEFINITIONS = (
					"DEBUG=1",
					"$(inherited)",
				);
				GCC_WARN_64_TO_32_BIT_CONVERSION = YES;
				GCC_WARN_ABOUT_RETURN_TYPE = YES_ERROR;
				GCC_WARN_UNDECLARED_SELECTOR = YES;
				GCC_WARN_UNINITIALIZED_AUTOS = YES_AGGRESSIVE;
				GCC_WARN_UNUSED_FUNCTION = YES;
				GCC_WARN_UNUSED_VARIABLE = YES;
				MTL_ENABLE_DEBUG_INFO = INCLUDE_SOURCE;
				MTL_FAST_MATH = YES;
				ONLY_ACTIVE_ARCH = YES;
				SWIFT_ACTIVE_COMPILATION_CONDITIONS = DEBUG;
				SWIFT_OPTIMIZATION_LEVEL = "-Onone";
			};
			name = Debug;
		};
		CE338AB327B7A4E6005289D1 /* Release */ = {
			isa = XCBuildConfiguration;
			buildSettings = {
				ALWAYS_SEARCH_USER_PATHS = NO;
				CLANG_ANALYZER_NONNULL = YES;
				CLANG_ANALYZER_NUMBER_OBJECT_CONVERSION = YES_AGGRESSIVE;
				CLANG_CXX_LANGUAGE_STANDARD = "gnu++17";
				CLANG_CXX_LIBRARY = "libc++";
				CLANG_ENABLE_MODULES = YES;
				CLANG_ENABLE_OBJC_ARC = YES;
				CLANG_ENABLE_OBJC_WEAK = YES;
				CLANG_WARN_BLOCK_CAPTURE_AUTORELEASING = YES;
				CLANG_WARN_BOOL_CONVERSION = YES;
				CLANG_WARN_COMMA = YES;
				CLANG_WARN_CONSTANT_CONVERSION = YES;
				CLANG_WARN_DEPRECATED_OBJC_IMPLEMENTATIONS = YES;
				CLANG_WARN_DIRECT_OBJC_ISA_USAGE = YES_ERROR;
				CLANG_WARN_DOCUMENTATION_COMMENTS = YES;
				CLANG_WARN_EMPTY_BODY = YES;
				CLANG_WARN_ENUM_CONVERSION = YES;
				CLANG_WARN_INFINITE_RECURSION = YES;
				CLANG_WARN_INT_CONVERSION = YES;
				CLANG_WARN_NON_LITERAL_NULL_CONVERSION = YES;
				CLANG_WARN_OBJC_IMPLICIT_RETAIN_SELF = YES;
				CLANG_WARN_OBJC_LITERAL_CONVERSION = YES;
				CLANG_WARN_OBJC_ROOT_CLASS = YES_ERROR;
				CLANG_WARN_QUOTED_INCLUDE_IN_FRAMEWORK_HEADER = YES;
				CLANG_WARN_RANGE_LOOP_ANALYSIS = YES;
				CLANG_WARN_STRICT_PROTOTYPES = YES;
				CLANG_WARN_SUSPICIOUS_MOVE = YES;
				CLANG_WARN_UNGUARDED_AVAILABILITY = YES_AGGRESSIVE;
				CLANG_WARN_UNREACHABLE_CODE = YES;
				CLANG_WARN__DUPLICATE_METHOD_MATCH = YES;
				COPY_PHASE_STRIP = NO;
				DEBUG_INFORMATION_FORMAT = "dwarf-with-dsym";
				ENABLE_NS_ASSERTIONS = NO;
				ENABLE_STRICT_OBJC_MSGSEND = YES;
				GCC_C_LANGUAGE_STANDARD = gnu11;
				GCC_NO_COMMON_BLOCKS = YES;
				GCC_WARN_64_TO_32_BIT_CONVERSION = YES;
				GCC_WARN_ABOUT_RETURN_TYPE = YES_ERROR;
				GCC_WARN_UNDECLARED_SELECTOR = YES;
				GCC_WARN_UNINITIALIZED_AUTOS = YES_AGGRESSIVE;
				GCC_WARN_UNUSED_FUNCTION = YES;
				GCC_WARN_UNUSED_VARIABLE = YES;
				MTL_ENABLE_DEBUG_INFO = NO;
				MTL_FAST_MATH = YES;
				SWIFT_COMPILATION_MODE = wholemodule;
				SWIFT_OPTIMIZATION_LEVEL = "-O";
			};
			name = Release;
		};
		CE338AB527B7A4E6005289D1 /* Debug */ = {
			isa = XCBuildConfiguration;
			buildSettings = {
				ASSETCATALOG_COMPILER_APPICON_NAME = AppIcon;
				ASSETCATALOG_COMPILER_GLOBAL_ACCENT_COLOR_NAME = AccentColor;
				CODE_SIGN_STYLE = Automatic;
				CURRENT_PROJECT_VERSION = 1;
				DEVELOPMENT_TEAM = RKV664A9KV;
				ENABLE_PREVIEWS = YES;
				GENERATE_INFOPLIST_FILE = YES;
				INFOPLIST_KEY_UIApplicationSceneManifest_Generation = YES;
				INFOPLIST_KEY_UIApplicationSupportsIndirectInputEvents = YES;
				INFOPLIST_KEY_UILaunchScreen_Generation = YES;
				INFOPLIST_KEY_UISupportedInterfaceOrientations_iPad = "UIInterfaceOrientationPortrait UIInterfaceOrientationPortraitUpsideDown UIInterfaceOrientationLandscapeLeft UIInterfaceOrientationLandscapeRight";
				INFOPLIST_KEY_UISupportedInterfaceOrientations_iPhone = "UIInterfaceOrientationPortrait UIInterfaceOrientationLandscapeLeft UIInterfaceOrientationLandscapeRight";
				IPHONEOS_DEPLOYMENT_TARGET = 14.0;
				LD_RUNPATH_SEARCH_PATHS = (
					"$(inherited)",
					"@executable_path/Frameworks",
				);
				MARKETING_VERSION = 1.0;
				PRODUCT_BUNDLE_IDENTIFIER = com.griffnee.test1.CobaltApp;
				PRODUCT_NAME = CobaltApp;
				SDKROOT = iphoneos;
				SWIFT_EMIT_LOC_STRINGS = YES;
				SWIFT_VERSION = 5.0;
				TARGETED_DEVICE_FAMILY = "1,2";
			};
			name = Debug;
		};
		CE338AB627B7A4E6005289D1 /* Release */ = {
			isa = XCBuildConfiguration;
			buildSettings = {
				ASSETCATALOG_COMPILER_APPICON_NAME = AppIcon;
				ASSETCATALOG_COMPILER_GLOBAL_ACCENT_COLOR_NAME = AccentColor;
				CODE_SIGN_STYLE = Automatic;
				CURRENT_PROJECT_VERSION = 1;
				DEVELOPMENT_TEAM = RKV664A9KV;
				ENABLE_PREVIEWS = YES;
				GENERATE_INFOPLIST_FILE = YES;
				INFOPLIST_KEY_UIApplicationSceneManifest_Generation = YES;
				INFOPLIST_KEY_UIApplicationSupportsIndirectInputEvents = YES;
				INFOPLIST_KEY_UILaunchScreen_Generation = YES;
				INFOPLIST_KEY_UISupportedInterfaceOrientations_iPad = "UIInterfaceOrientationPortrait UIInterfaceOrientationPortraitUpsideDown UIInterfaceOrientationLandscapeLeft UIInterfaceOrientationLandscapeRight";
				INFOPLIST_KEY_UISupportedInterfaceOrientations_iPhone = "UIInterfaceOrientationPortrait UIInterfaceOrientationLandscapeLeft UIInterfaceOrientationLandscapeRight";
				IPHONEOS_DEPLOYMENT_TARGET = 14.0;
				LD_RUNPATH_SEARCH_PATHS = (
					"$(inherited)",
					"@executable_path/Frameworks",
				);
				MARKETING_VERSION = 1.0;
				PRODUCT_BUNDLE_IDENTIFIER = com.griffnee.test1.CobaltApp;
				PRODUCT_NAME = CobaltApp;
				SDKROOT = iphoneos;
				SWIFT_EMIT_LOC_STRINGS = YES;
				SWIFT_VERSION = 5.0;
				TARGETED_DEVICE_FAMILY = "1,2";
				VALIDATE_PRODUCT = YES;
			};
			name = Release;
		};
		CE338AB827B7A4E6005289D1 /* Debug */ = {
			isa = XCBuildConfiguration;
			buildSettings = {
				ASSETCATALOG_COMPILER_APPICON_NAME = AppIcon;
				ASSETCATALOG_COMPILER_GLOBAL_ACCENT_COLOR_NAME = AccentColor;
				CODE_SIGN_ENTITLEMENTS = macOS/macOS.entitlements;
				CODE_SIGN_STYLE = Automatic;
				COMBINE_HIDPI_IMAGES = YES;
				CURRENT_PROJECT_VERSION = 1;
				DEVELOPMENT_TEAM = RKV664A9KV;
				ENABLE_HARDENED_RUNTIME = YES;
				ENABLE_PREVIEWS = YES;
				GENERATE_INFOPLIST_FILE = YES;
				INFOPLIST_KEY_NSHumanReadableCopyright = "";
				LD_RUNPATH_SEARCH_PATHS = (
					"$(inherited)",
					"@executable_path/../Frameworks",
				);
				MACOSX_DEPLOYMENT_TARGET = 11.0;
				MARKETING_VERSION = 1.0;
				PRODUCT_BUNDLE_IDENTIFIER = com.griffnee.test1.CobaltApp;
				PRODUCT_NAME = CobaltApp;
				SDKROOT = macosx;
				SWIFT_EMIT_LOC_STRINGS = YES;
				SWIFT_VERSION = 5.0;
			};
			name = Debug;
		};
		CE338AB927B7A4E6005289D1 /* Release */ = {
			isa = XCBuildConfiguration;
			buildSettings = {
				ASSETCATALOG_COMPILER_APPICON_NAME = AppIcon;
				ASSETCATALOG_COMPILER_GLOBAL_ACCENT_COLOR_NAME = AccentColor;
				CODE_SIGN_ENTITLEMENTS = macOS/macOS.entitlements;
				CODE_SIGN_STYLE = Automatic;
				COMBINE_HIDPI_IMAGES = YES;
				CURRENT_PROJECT_VERSION = 1;
				DEVELOPMENT_TEAM = RKV664A9KV;
				ENABLE_HARDENED_RUNTIME = YES;
				ENABLE_PREVIEWS = YES;
				GENERATE_INFOPLIST_FILE = YES;
				INFOPLIST_KEY_NSHumanReadableCopyright = "";
				LD_RUNPATH_SEARCH_PATHS = (
					"$(inherited)",
					"@executable_path/../Frameworks",
				);
				MACOSX_DEPLOYMENT_TARGET = 11.0;
				MARKETING_VERSION = 1.0;
				PRODUCT_BUNDLE_IDENTIFIER = com.griffnee.test1.CobaltApp;
				PRODUCT_NAME = CobaltApp;
				SDKROOT = macosx;
				SWIFT_EMIT_LOC_STRINGS = YES;
				SWIFT_VERSION = 5.0;
			};
			name = Release;
		};
/* End XCBuildConfiguration section */

/* Begin XCConfigurationList section */
		CE338A9A27B7A4E4005289D1 /* Build configuration list for PBXProject "CobaltApp" */ = {
			isa = XCConfigurationList;
			buildConfigurations = (
				CE338AB227B7A4E6005289D1 /* Debug */,
				CE338AB327B7A4E6005289D1 /* Release */,
			);
			defaultConfigurationIsVisible = 0;
			defaultConfigurationName = Release;
		};
		CE338AB427B7A4E6005289D1 /* Build configuration list for PBXNativeTarget "CobaltApp (iOS)" */ = {
			isa = XCConfigurationList;
			buildConfigurations = (
				CE338AB527B7A4E6005289D1 /* Debug */,
				CE338AB627B7A4E6005289D1 /* Release */,
			);
			defaultConfigurationIsVisible = 0;
			defaultConfigurationName = Release;
		};
		CE338AB727B7A4E6005289D1 /* Build configuration list for PBXNativeTarget "CobaltApp (macOS)" */ = {
			isa = XCConfigurationList;
			buildConfigurations = (
				CE338AB827B7A4E6005289D1 /* Debug */,
				CE338AB927B7A4E6005289D1 /* Release */,
			);
			defaultConfigurationIsVisible = 0;
			defaultConfigurationName = Release;
		};
/* End XCConfigurationList section */

/* Begin XCVersionGroup section */
		CE338AF327B7DA1C005289D1 /* Model.xcdatamodeld */ = {
			isa = XCVersionGroup;
			children = (
				CE338AF427B7DA1C005289D1 /* Model.xcdatamodel */,
			);
			currentVersion = CE338AF427B7DA1C005289D1 /* Model.xcdatamodel */;
			path = Model.xcdatamodeld;
			sourceTree = "<group>";
			versionGroupType = wrapper.xcdatamodel;
		};
/* End XCVersionGroup section */
	};
	rootObject = CE338A9727B7A4E4005289D1 /* Project object */;
}
